
Microsoft Visual Studio Solution File, Format Version 12.00
# Visual Studio Version 17
VisualStudioVersion = 17.7.34018.315
MinimumVisualStudioVersion = 10.0.40219.1
Project("{FAE04EC0-301F-11D3-BF4B-00C04F79EFBC}") = "Switch", "Switch\Switch.csproj", "{6662BA62-113B-4323-B6F7-962DD32B0F1C}"
EndProject
Global
	GlobalSection(SolutionConfigurationPlatforms) = preSolution
		Debug|Any CPU = Debug|Any CPU
		Release|Any CPU = Release|Any CPU
	EndGlobalSection
	GlobalSection(ProjectConfigurationPlatforms) = postSolution
		{6662BA62-113B-4323-B6F7-962DD32B0F1C}.Debug|Any CPU.ActiveCfg = Debug|Any CPU
		{6662BA62-113B-4323-B6F7-962DD32B0F1C}.Debug|Any CPU.Build.0 = Debug|Any CPU
		{6662BA62-113B-4323-B6F7-962DD32B0F1C}.Release|Any CPU.ActiveCfg = Release|Any CPU
		{6662BA62-113B-4323-B6F7-962DD32B0F1C}.Release|Any CPU.Build.0 = Release|Any CPU
	EndGlobalSection
	GlobalSection(SolutionProperties) = preSolution
		HideSolutionNode = FALSE
	EndGlobalSection
	GlobalSection(ExtensibilityGlobals) = postSolution
		SolutionGuid = {D6898DFE-F3EE-40F8-A275-73FEA09A0608}
	EndGlobalSection
EndGlobal
