
Microsoft Visual Studio Solution File, Format Version 12.00
# Visual Studio Version 17
VisualStudioVersion = 17.7.34018.315
MinimumVisualStudioVersion = 10.0.40219.1
Project("{FAE04EC0-301F-11D3-BF4B-00C04F79EFBC}") = "Benutzereingabe", "Benutzereingabe\Benutzereingabe.csproj", "{CF964775-7E98-48CF-8E7A-8A560EEEEAA3}"
EndProject
Global
	GlobalSection(SolutionConfigurationPlatforms) = preSolution
		Debug|Any CPU = Debug|Any CPU
		Release|Any CPU = Release|Any CPU
	EndGlobalSection
	GlobalSection(ProjectConfigurationPlatforms) = postSolution
		{CF964775-7E98-48CF-8E7A-8A560EEEEAA3}.Debug|Any CPU.ActiveCfg = Debug|Any CPU
		{CF964775-7E98-48CF-8E7A-8A560EEEEAA3}.Debug|Any CPU.Build.0 = Debug|Any CPU
		{CF964775-7E98-48CF-8E7A-8A560EEEEAA3}.Release|Any CPU.ActiveCfg = Release|Any CPU
		{CF964775-7E98-48CF-8E7A-8A560EEEEAA3}.Release|Any CPU.Build.0 = Release|Any CPU
	EndGlobalSection
	GlobalSection(SolutionProperties) = preSolution
		HideSolutionNode = FALSE
	EndGlobalSection
	GlobalSection(ExtensibilityGlobals) = postSolution
		SolutionGuid = {C1FABA1C-EB2A-4BB4-9A42-E45FF20C9F77}
	EndGlobalSection
EndGlobal
